# THIS IS AN AUTOGENERATED FILE. DO NOT EDIT THIS FILE DIRECTLY.
# yarn lockfile v1


dotenv-up@^1.0.30:
  version "1.0.30"
  resolved "https://registry.yarnpkg.com/dotenv-up/-/dotenv-up-1.0.30.tgz#ca02d5263bd2052527da12ec897218e9d9cba5ae"
  integrity sha512-Xu2AC7cf/UdxvoDgjBQp3vCXGNsiG2B7aZ2ApYGyMESxobIwpBpi2pFtyOj/pXrlwWAG8738ydMbFUdJoakARw==
